// !$*UTF8*$!
{
	archiveVersion = 1;
	classes = {
	};
	objectVersion = 50;
	objects = {

/* Begin PBXBuildFile section */
		8308EEFA25B7C13E0074AB3E /* BackgroundTaskManager.swift in Sources */ = {isa = PBXBuildFile; fileRef = 8308EEF925B7C13E0074AB3E /* BackgroundTaskManager.swift */; };
		83880DBC2480668D00C70A32 /* AppDelegate.swift in Sources */ = {isa = PBXBuildFile; fileRef = 83880DBB2480668D00C70A32 /* AppDelegate.swift */; };
		83880DBE2480668D00C70A32 /* SceneDelegate.swift in Sources */ = {isa = PBXBuildFile; fileRef = 83880DBD2480668D00C70A32 /* SceneDelegate.swift */; };
		83880DC02480668D00C70A32 /* ViewController.swift in Sources */ = {isa = PBXBuildFile; fileRef = 83880DBF2480668D00C70A32 /* ViewController.swift */; };
		83880DC32480668D00C70A32 /* Main.storyboard in Resources */ = {isa = PBXBuildFile; fileRef = 83880DC12480668D00C70A32 /* Main.storyboard */; };
		83880DC52480668F00C70A32 /* Assets.xcassets in Resources */ = {isa = PBXBuildFile; fileRef = 83880DC42480668F00C70A32 /* Assets.xcassets */; };
		83880DC82480668F00C70A32 /* LaunchScreen.storyboard in Resources */ = {isa = PBXBuildFile; fileRef = 83880DC62480668F00C70A32 /* LaunchScreen.storyboard */; };
/* End PBXBuildFile section */

/* Begin PBXFileReference section */
		8308EEF925B7C13E0074AB3E /* BackgroundTaskManager.swift */ = {isa = PBXFileReference; lastKnownFileType = sourcecode.swift; path = BackgroundTaskManager.swift; sourceTree = "<group>"; };
		8308EEFC25B7C7270074AB3E /* README.md */ = {isa = PBXFileReference; lastKnownFileType = net.daringfireball.markdown; path = README.md; sourceTree = "<group>"; };
		8308EEFD25B7C7320074AB3E /* LICENSE.md */ = {isa = PBXFileReference; lastKnownFileType = net.daringfireball.markdown; path = LICENSE.md; sourceTree = "<group>"; };
		83880DB82480668D00C70A32 /* BGAppRefresh.app */ = {isa = PBXFileReference; explicitFileType = wrapper.application; includeInIndex = 0; path = BGAppRefresh.app; sourceTree = BUILT_PRODUCTS_DIR; };
		83880DBB2480668D00C70A32 /* AppDelegate.swift */ = {isa = PBXFileReference; lastKnownFileType = sourcecode.swift; path = AppDelegate.swift; sourceTree = "<group>"; };
		83880DBD2480668D00C70A32 /* SceneDelegate.swift */ = {isa = PBXFileReference; lastKnownFileType = sourcecode.swift; path = SceneDelegate.swift; sourceTree = "<group>"; };
		83880DBF2480668D00C70A32 /* ViewController.swift */ = {isa = PBXFileReference; lastKnownFileType = sourcecode.swift; path = ViewController.swift; sourceTree = "<group>"; };
		83880DC22480668D00C70A32 /* Base */ = {isa = PBXFileReference; lastKnownFileType = file.storyboard; name = Base; path = Base.lproj/Main.storyboard; sourceTree = "<group>"; };
		83880DC42480668F00C70A32 /* Assets.xcassets */ = {isa = PBXFileReference; lastKnownFileType = folder.assetcatalog; path = Assets.xcassets; sourceTree = "<group>"; };
		83880DC72480668F00C70A32 /* Base */ = {isa = PBXFileReference; lastKnownFileType = file.storyboard; name = Base; path = Base.lproj/LaunchScreen.storyboard; sourceTree = "<group>"; };
		83880DC92480668F00C70A32 /* Info.plist */ = {isa = PBXFileReference; lastKnownFileType = text.plist.xml; path = Info.plist; sourceTree = "<group>"; };
/* End PBXFileReference section */

/* Begin PBXFrameworksBuildPhase section */
		83880DB52480668D00C70A32 /* Frameworks */ = {
			isa = PBXFrameworksBuildPhase;
			buildActionMask = 2147483647;
			files = (
			);
			runOnlyForDeploymentPostprocessing = 0;
		};
/* End PBXFrameworksBuildPhase section */

/* Begin PBXGroup section */
		8308EF0125B7CAFA0074AB3E /* App lifecycle */ = {
			isa = PBXGroup;
			children = (
				83880DBB2480668D00C70A32 /* AppDelegate.swift */,
				83880DBD2480668D00C70A32 /* SceneDelegate.swift */,
			);
			path = "App lifecycle";
			sourceTree = "<group>";
		};
		8308EF0325B7CB130074AB3E /* Support files */ = {
			isa = PBXGroup;
			children = (
				83880DC12480668D00C70A32 /* Main.storyboard */,
				83880DC42480668F00C70A32 /* Assets.xcassets */,
				83880DC62480668F00C70A32 /* LaunchScreen.storyboard */,
				83880DC92480668F00C70A32 /* Info.plist */,
			);
			name = "Support files";
			sourceTree = "<group>";
		};
		8308EF0425B7CB2D0074AB3E /* View controllers */ = {
			isa = PBXGroup;
			children = (
				83880DBF2480668D00C70A32 /* ViewController.swift */,
			);
			path = "View controllers";
			sourceTree = "<group>";
		};
		8308EF0625B7CB390074AB3E /* Controllers */ = {
			isa = PBXGroup;
			children = (
				8308EEF925B7C13E0074AB3E /* BackgroundTaskManager.swift */,
			);
			path = Controllers;
			sourceTree = "<group>";
		};
		83880DAF2480668D00C70A32 = {
			isa = PBXGroup;
			children = (
				8308EEFC25B7C7270074AB3E /* README.md */,
				8308EEFD25B7C7320074AB3E /* LICENSE.md */,
				83880DBA2480668D00C70A32 /* BGAppRefresh */,
				83880DB92480668D00C70A32 /* Products */,
			);
			sourceTree = "<group>";
		};
		83880DB92480668D00C70A32 /* Products */ = {
			isa = PBXGroup;
			children = (
				83880DB82480668D00C70A32 /* BGAppRefresh.app */,
			);
			name = Products;
			sourceTree = "<group>";
		};
		83880DBA2480668D00C70A32 /* BGAppRefresh */ = {
			isa = PBXGroup;
			children = (
				8308EF0125B7CAFA0074AB3E /* App lifecycle */,
				8308EF0425B7CB2D0074AB3E /* View controllers */,
				8308EF0625B7CB390074AB3E /* Controllers */,
				8308EF0325B7CB130074AB3E /* Support files */,
			);
			path = BGAppRefresh;
			sourceTree = "<group>";
		};
/* End PBXGroup section */

/* Begin PBXNativeTarget section */
		83880DB72480668D00C70A32 /* BGAppRefresh */ = {
			isa = PBXNativeTarget;
			buildConfigurationList = 83880DCC2480668F00C70A32 /* Build configuration list for PBXNativeTarget "BGAppRefresh" */;
			buildPhases = (
				83880DB42480668D00C70A32 /* Sources */,
				83880DB52480668D00C70A32 /* Frameworks */,
				83880DB62480668D00C70A32 /* Resources */,
			);
			buildRules = (
			);
			dependencies = (
			);
			name = BGAppRefresh;
			productName = BGAppRefresh;
			productReference = 83880DB82480668D00C70A32 /* BGAppRefresh.app */;
			productType = "com.apple.product-type.application";
		};
/* End PBXNativeTarget section */

/* Begin PBXProject section */
		83880DB02480668D00C70A32 /* Project object */ = {
			isa = PBXProject;
			attributes = {
				LastSwiftUpdateCheck = 1150;
				LastUpgradeCheck = 1230;
				ORGANIZATIONNAME = "Robert Ryan";
				TargetAttributes = {
					83880DB72480668D00C70A32 = {
						CreatedOnToolsVersion = 11.5;
					};
				};
			};
			buildConfigurationList = 83880DB32480668D00C70A32 /* Build configuration list for PBXProject "BGAppRefresh" */;
			compatibilityVersion = "Xcode 9.3";
			developmentRegion = en;
			hasScannedForEncodings = 0;
			knownRegions = (
				en,
				Base,
			);
			mainGroup = 83880DAF2480668D00C70A32;
			productRefGroup = 83880DB92480668D00C70A32 /* Products */;
			projectDirPath = "";
			projectRoot = "";
			targets = (
				83880DB72480668D00C70A32 /* BGAppRefresh */,
			);
		};
/* End PBXProject section */

/* Begin PBXResourcesBuildPhase section */
		83880DB62480668D00C70A32 /* Resources */ = {
			isa = PBXResourcesBuildPhase;
			buildActionMask = 2147483647;
			files = (
				83880DC82480668F00C70A32 /* LaunchScreen.storyboard in Resources */,
				83880DC52480668F00C70A32 /* Assets.xcassets in Resources */,
				83880DC32480668D00C70A32 /* Main.storyboard in Resources */,
			);
			runOnlyForDeploymentPostprocessing = 0;
		};
/* End PBXResourcesBuildPhase section */

/* Begin PBXSourcesBuildPhase section */
		83880DB42480668D00C70A32 /* Sources */ = {
			isa = PBXSourcesBuildPhase;
			buildActionMask = 2147483647;
			files = (
				83880DC02480668D00C70A32 /* ViewController.swift in Sources */,
				8308EEFA25B7C13E0074AB3E /* BackgroundTaskManager.swift in Sources */,
				83880DBC2480668D00C70A32 /* AppDelegate.swift in Sources */,
				83880DBE2480668D00C70A32 /* SceneDelegate.swift in Sources */,
			);
			runOnlyForDeploymentPostprocessing = 0;
		};
/* End PBXSourcesBuildPhase section */

/* Begin PBXVariantGroup section */
		83880DC12480668D00C70A32 /* Main.storyboard */ = {
			isa = PBXVariantGroup;
			children = (
				83880DC22480668D00C70A32 /* Base */,
			);
			name = Main.storyboard;
			sourceTree = "<group>";
		};
		83880DC62480668F00C70A32 /* LaunchScreen.storyboard */ = {
			isa = PBXVariantGroup;
			children = (
				83880DC72480668F00C70A32 /* Base */,
			);
			name = LaunchScreen.storyboard;
			sourceTree = "<group>";
		};
/* End PBXVariantGroup section */

/* Begin XCBuildConfiguration section */
		83880DCA2480668F00C70A32 /* Debug */ = {
			isa = XCBuildConfiguration;
			buildSettings = {
				ALWAYS_SEARCH_USER_PATHS = NO;
				CLANG_ANALYZER_NONNULL = YES;
				CLANG_ANALYZER_NUMBER_OBJECT_CONVERSION = YES_AGGRESSIVE;
				CLANG_CXX_LANGUAGE_STANDARD = "gnu++14";
				CLANG_CXX_LIBRARY = "libc++";
				CLANG_ENABLE_MODULES = YES;
				CLANG_ENABLE_OBJC_ARC = YES;
				CLANG_ENABLE_OBJC_WEAK = YES;
				CLANG_WARN_BLOCK_CAPTURE_AUTORELEASING = YES;
				CLANG_WARN_BOOL_CONVERSION = YES;
				CLANG_WARN_COMMA = YES;
				CLANG_WARN_CONSTANT_CONVERSION = YES;
				CLANG_WARN_DEPRECATED_OBJC_IMPLEMENTATIONS = YES;
				CLANG_WARN_DIRECT_OBJC_ISA_USAGE = YES_ERROR;
				CLANG_WARN_DOCUMENTATION_COMMENTS = YES;
				CLANG_WARN_EMPTY_BODY = YES;
				CLANG_WARN_ENUM_CONVERSION = YES;
				CLANG_WARN_INFINITE_RECURSION = YES;
				CLANG_WARN_INT_CONVERSION = YES;
				CLANG_WARN_NON_LITERAL_NULL_CONVERSION = YES;
				CLANG_WARN_OBJC_IMPLICIT_RETAIN_SELF = YES;
				CLANG_WARN_OBJC_LITERAL_CONVERSION = YES;
				CLANG_WARN_OBJC_ROOT_CLASS = YES_ERROR;
				CLANG_WARN_QUOTED_INCLUDE_IN_FRAMEWORK_HEADER = YES;
				CLANG_WARN_RANGE_LOOP_ANALYSIS = YES;
				CLANG_WARN_STRICT_PROTOTYPES = YES;
				CLANG_WARN_SUSPICIOUS_MOVE = YES;
				CLANG_WARN_UNGUARDED_AVAILABILITY = YES_AGGRESSIVE;
				CLANG_WARN_UNREACHABLE_CODE = YES;
				CLANG_WARN__DUPLICATE_METHOD_MATCH = YES;
				COPY_PHASE_STRIP = NO;
				DEBUG_INFORMATION_FORMAT = dwarf;
				ENABLE_STRICT_OBJC_MSGSEND = YES;
				ENABLE_TESTABILITY = YES;
				GCC_C_LANGUAGE_STANDARD = gnu11;
				GCC_DYNAMIC_NO_PIC = NO;
				GCC_NO_COMMON_BLOCKS = YES;
				GCC_OPTIMIZATION_LEVEL = 0;
				GCC_PREPROCESSOR_DEFINITIONS = (
					"DEBUG=1",
					"$(inherited)",
				);
				GCC_WARN_64_TO_32_BIT_CONVERSION = YES;
				GCC_WARN_ABOUT_RETURN_TYPE = YES_ERROR;
				GCC_WARN_UNDECLARED_SELECTOR = YES;
				GCC_WARN_UNINITIALIZED_AUTOS = YES_AGGRESSIVE;
				GCC_WARN_UNUSED_FUNCTION = YES;
				GCC_WARN_UNUSED_VARIABLE = YES;
				IPHONEOS_DEPLOYMENT_TARGET = 14.0;
				MTL_ENABLE_DEBUG_INFO = INCLUDE_SOURCE;
				MTL_FAST_MATH = YES;
				ONLY_ACTIVE_ARCH = YES;
				SDKROOT = iphoneos;
				SWIFT_ACTIVE_COMPILATION_CONDITIONS = DEBUG;
				SWIFT_OPTIMIZATION_LEVEL = "-Onone";
			};
			name = Debug;
		};
		83880DCB2480668F00C70A32 /* Release */ = {
			isa = XCBuildConfiguration;
			buildSettings = {
				ALWAYS_SEARCH_USER_PATHS = NO;
				CLANG_ANALYZER_NONNULL = YES;
				CLANG_ANALYZER_NUMBER_OBJECT_CONVERSION = YES_AGGRESSIVE;
				CLANG_CXX_LANGUAGE_STANDARD = "gnu++14";
				CLANG_CXX_LIBRARY = "libc++";
				CLANG_ENABLE_MODULES = YES;
				CLANG_ENABLE_OBJC_ARC = YES;
				CLANG_ENABLE_OBJC_WEAK = YES;
				CLANG_WARN_BLOCK_CAPTURE_AUTORELEASING = YES;
				CLANG_WARN_BOOL_CONVERSION = YES;
				CLANG_WARN_COMMA = YES;
				CLANG_WARN_CONSTANT_CONVERSION = YES;
				CLANG_WARN_DEPRECATED_OBJC_IMPLEMENTATIONS = YES;
				CLANG_WARN_DIRECT_OBJC_ISA_USAGE = YES_ERROR;
				CLANG_WARN_DOCUMENTATION_COMMENTS = YES;
				CLANG_WARN_EMPTY_BODY = YES;
				CLANG_WARN_ENUM_CONVERSION = YES;
				CLANG_WARN_INFINITE_RECURSION = YES;
				CLANG_WARN_INT_CONVERSION = YES;
				CLANG_WARN_NON_LITERAL_NULL_CONVERSION = YES;
				CLANG_WARN_OBJC_IMPLICIT_RETAIN_SELF = YES;
				CLANG_WARN_OBJC_LITERAL_CONVERSION = YES;
				CLANG_WARN_OBJC_ROOT_CLASS = YES_ERROR;
				CLANG_WARN_QUOTED_INCLUDE_IN_FRAMEWORK_HEADER = YES;
				CLANG_WARN_RANGE_LOOP_ANALYSIS = YES;
				CLANG_WARN_STRICT_PROTOTYPES = YES;
				CLANG_WARN_SUSPICIOUS_MOVE = YES;
				CLANG_WARN_UNGUARDED_AVAILABILITY = YES_AGGRESSIVE;
				CLANG_WARN_UNREACHABLE_CODE = YES;
				CLANG_WARN__DUPLICATE_METHOD_MATCH = YES;
				COPY_PHASE_STRIP = NO;
				DEBUG_INFORMATION_FORMAT = "dwarf-with-dsym";
				ENABLE_NS_ASSERTIONS = NO;
				ENABLE_STRICT_OBJC_MSGSEND = YES;
				GCC_C_LANGUAGE_STANDARD = gnu11;
				GCC_NO_COMMON_BLOCKS = YES;
				GCC_WARN_64_TO_32_BIT_CONVERSION = YES;
				GCC_WARN_ABOUT_RETURN_TYPE = YES_ERROR;
				GCC_WARN_UNDECLARED_SELECTOR = YES;
				GCC_WARN_UNINITIALIZED_AUTOS = YES_AGGRESSIVE;
				GCC_WARN_UNUSED_FUNCTION = YES;
				GCC_WARN_UNUSED_VARIABLE = YES;
				IPHONEOS_DEPLOYMENT_TARGET = 14.0;
				MTL_ENABLE_DEBUG_INFO = NO;
				MTL_FAST_MATH = YES;
				SDKROOT = iphoneos;
				SWIFT_COMPILATION_MODE = wholemodule;
				SWIFT_OPTIMIZATION_LEVEL = "-O";
				VALIDATE_PRODUCT = YES;
			};
			name = Release;
		};
		83880DCD2480668F00C70A32 /* Debug */ = {
			isa = XCBuildConfiguration;
			buildSettings = {
				ASSETCATALOG_COMPILER_APPICON_NAME = AppIcon;
				CODE_SIGN_STYLE = Automatic;
				DEVELOPMENT_TEAM = UZAPXQTVQ4;
				INFOPLIST_FILE = BGAppRefresh/Info.plist;
				LD_RUNPATH_SEARCH_PATHS = (
					"$(inherited)",
					"@executable_path/Frameworks",
				);
				PRODUCT_BUNDLE_IDENTIFIER = com.robertmryan.BGAppRefresh;
				PRODUCT_NAME = "$(TARGET_NAME)";
				SWIFT_VERSION = 5.0;
				TARGETED_DEVICE_FAMILY = "1,2";
			};
			name = Debug;
		};
		83880DCE2480668F00C70A32 /* Release */ = {
			isa = XCBuildConfiguration;
			buildSettings = {
				ASSETCATALOG_COMPILER_APPICON_NAME = AppIcon;
				CODE_SIGN_STYLE = Automatic;
				DEVELOPMENT_TEAM = UZAPXQTVQ4;
				INFOPLIST_FILE = BGAppRefresh/Info.plist;
				LD_RUNPATH_SEARCH_PATHS = (
					"$(inherited)",
					"@executable_path/Frameworks",
				);
				PRODUCT_BUNDLE_IDENTIFIER = com.robertmryan.BGAppRefresh;
				PRODUCT_NAME = "$(TARGET_NAME)";
				SWIFT_VERSION = 5.0;
				TARGETED_DEVICE_FAMILY = "1,2";
			};
			name = Release;
		};
/* End XCBuildConfiguration section */

/* Begin XCConfigurationList section */
		83880DB32480668D00C70A32 /* Build configuration list for PBXProject "BGAppRefresh" */ = {
			isa = XCConfigurationList;
			buildConfigurations = (
				83880DCA2480668F00C70A32 /* Debug */,
				83880DCB2480668F00C70A32 /* Release */,
			);
			defaultConfigurationIsVisible = 0;
			defaultConfigurationName = Release;
		};
		83880DCC2480668F00C70A32 /* Build configuration list for PBXNativeTarget "BGAppRefresh" */ = {
			isa = XCConfigurationList;
			buildConfigurations = (
				83880DCD2480668F00C70A32 /* Debug */,
				83880DCE2480668F00C70A32 /* Release */,
			);
			defaultConfigurationIsVisible = 0;
			defaultConfigurationName = Release;
		};
/* End XCConfigurationList section */
	};
	rootObject = 83880DB02480668D00C70A32 /* Project object */;
}
